
Microsoft Visual Studio Solution File, Format Version 12.00
# Visual Studio Version 17
VisualStudioVersion = 17.5.33530.505
MinimumVisualStudioVersion = 10.0.40219.1
Project("{8BC9CEB8-8B4A-11D0-8D11-00A0C91BC942}") = "2048 nm", "2048 nm\2048 nm.vcxproj", "{D370C695-C187-4EEE-86C0-B47F7121BE26}"
EndProject
Global
	GlobalSection(SolutionConfigurationPlatforms) = preSolution
		Debug|x64 = Debug|x64
		Debug|x86 = Debug|x86
		Release|x64 = Release|x64
		Release|x86 = Release|x86
	EndGlobalSection
	GlobalSection(ProjectConfigurationPlatforms) = postSolution
		{D370C695-C187-4EEE-86C0-B47F7121BE26}.Debug|x64.ActiveCfg = Debug|x64
		{D370C695-C187-4EEE-86C0-B47F7121BE26}.Debug|x64.Build.0 = Debug|x64
		{D370C695-C187-4EEE-86C0-B47F7121BE26}.Debug|x86.ActiveCfg = Debug|Win32
		{D370C695-C187-4EEE-86C0-B47F7121BE26}.Debug|x86.Build.0 = Debug|Win32
		{D370C695-C187-4EEE-86C0-B47F7121BE26}.Release|x64.ActiveCfg = Release|x64
		{D370C695-C187-4EEE-86C0-B47F7121BE26}.Release|x64.Build.0 = Release|x64
		{D370C695-C187-4EEE-86C0-B47F7121BE26}.Release|x86.ActiveCfg = Release|Win32
		{D370C695-C187-4EEE-86C0-B47F7121BE26}.Release|x86.Build.0 = Release|Win32
	EndGlobalSection
	GlobalSection(SolutionProperties) = preSolution
		HideSolutionNode = FALSE
	EndGlobalSection
	GlobalSection(ExtensibilityGlobals) = postSolution
		SolutionGuid = {94C82DD9-6D93-4D59-BC07-6E422F6C3859}
	EndGlobalSection
EndGlobal
